
Microsoft Visual Studio Solution File, Format Version 12.00
# Visual Studio Version 17
VisualStudioVersion = 17.8.34309.116
MinimumVisualStudioVersion = 10.0.40219.1
Project("{FAE04EC0-301F-11D3-BF4B-00C04F79EFBC}") = "szinozon_jatek", "szinozon_jatek.csproj", "{015917E4-3029-4A48-BAC6-6971673CCC86}"
EndProject
Global
	GlobalSection(SolutionConfigurationPlatforms) = preSolution
		Debug|Any CPU = Debug|Any CPU
		Release|Any CPU = Release|Any CPU
	EndGlobalSection
	GlobalSection(ProjectConfigurationPlatforms) = postSolution
		{015917E4-3029-4A48-BAC6-6971673CCC86}.Debug|Any CPU.ActiveCfg = Debug|Any CPU
		{015917E4-3029-4A48-BAC6-6971673CCC86}.Debug|Any CPU.Build.0 = Debug|Any CPU
		{015917E4-3029-4A48-BAC6-6971673CCC86}.Release|Any CPU.ActiveCfg = Release|Any CPU
		{015917E4-3029-4A48-BAC6-6971673CCC86}.Release|Any CPU.Build.0 = Release|Any CPU
	EndGlobalSection
	GlobalSection(SolutionProperties) = preSolution
		HideSolutionNode = FALSE
	EndGlobalSection
	GlobalSection(ExtensibilityGlobals) = postSolution
		SolutionGuid = {6D721BE2-1393-4CF5-BB46-C35A976AE447}
	EndGlobalSection
EndGlobal
